// !$*UTF8*$!
{
	archiveVersion = 1;
	classes = {
	};
	objectVersion = 56;
	objects = {

/* Begin PBXBuildFile section */
		B30DD9B02BFA015700FC0F54 /* CatDetailsView.swift in Sources */ = {isa = PBXBuildFile; fileRef = B30DD9AF2BFA015700FC0F54 /* CatDetailsView.swift */; };
		B30DD9B22BFA017200FC0F54 /* CatDetailsViewModel.swift in Sources */ = {isa = PBXBuildFile; fileRef = B30DD9B12BFA017200FC0F54 /* CatDetailsViewModel.swift */; };
		B30DD9B42BFA04E500FC0F54 /* CatContentView.swift in Sources */ = {isa = PBXBuildFile; fileRef = B30DD9B32BFA04E500FC0F54 /* CatContentView.swift */; };
		B31570112BFB96F50098CCB6 /* AsyncImageView.swift in Sources */ = {isa = PBXBuildFile; fileRef = B31570102BFB96F50098CCB6 /* AsyncImageView.swift */; };
		B31570162BFB9C120098CCB6 /* GeneralSans-Regular.otf in Resources */ = {isa = PBXBuildFile; fileRef = B31570122BFB9C110098CCB6 /* GeneralSans-Regular.otf */; };
		B31570172BFB9C120098CCB6 /* GeneralSans-Bold.otf in Resources */ = {isa = PBXBuildFile; fileRef = B31570132BFB9C120098CCB6 /* GeneralSans-Bold.otf */; };
		B31570182BFB9C120098CCB6 /* GeneralSans-Light.otf in Resources */ = {isa = PBXBuildFile; fileRef = B31570142BFB9C120098CCB6 /* GeneralSans-Light.otf */; };
		B31570192BFB9C120098CCB6 /* GeneralSans-Medium.otf in Resources */ = {isa = PBXBuildFile; fileRef = B31570152BFB9C120098CCB6 /* GeneralSans-Medium.otf */; };
		B31570212BFCCE990098CCB6 /* CatFavouritesViewModel.swift in Sources */ = {isa = PBXBuildFile; fileRef = B31570202BFCCE990098CCB6 /* CatFavouritesViewModel.swift */; };
		B35031AA2BFE47A700B9BAA8 /* Lottie in Frameworks */ = {isa = PBXBuildFile; productRef = B35031A92BFE47A700B9BAA8 /* Lottie */; };
		B35031AC2BFE4DDC00B9BAA8 /* LottieLoader.swift in Sources */ = {isa = PBXBuildFile; fileRef = B35031AB2BFE4DDC00B9BAA8 /* LottieLoader.swift */; };
		B35031AE2BFE4F4D00B9BAA8 /* loader.json in Resources */ = {isa = PBXBuildFile; fileRef = B35031AD2BFE4F4D00B9BAA8 /* loader.json */; };
		B35A68482BFA53BF00FECF8C /* CatFavouritesView.swift in Sources */ = {isa = PBXBuildFile; fileRef = B35A68472BFA53BF00FECF8C /* CatFavouritesView.swift */; };
		CE9B3F612BF513AA0034E6E3 /* Constants.swift in Sources */ = {isa = PBXBuildFile; fileRef = CE9B3F602BF513AA0034E6E3 /* Constants.swift */; };
		CE9B3F662BF514BE0034E6E3 /* APIManager.swift in Sources */ = {isa = PBXBuildFile; fileRef = CE9B3F652BF514BE0034E6E3 /* APIManager.swift */; };
		CE9B3F6D2BF52DD80034E6E3 /* Cat.swift in Sources */ = {isa = PBXBuildFile; fileRef = CE9B3F6C2BF52DD80034E6E3 /* Cat.swift */; };
		CE9B3F702BF627980034E6E3 /* CatListViewModel.swift in Sources */ = {isa = PBXBuildFile; fileRef = CE9B3F6F2BF627980034E6E3 /* CatListViewModel.swift */; };
		CEDA01F02BF4F16600E5AEB3 /* CatSearchApp.swift in Sources */ = {isa = PBXBuildFile; fileRef = CEDA01EF2BF4F16600E5AEB3 /* CatSearchApp.swift */; };
		CEDA01F22BF4F16600E5AEB3 /* CatListView.swift in Sources */ = {isa = PBXBuildFile; fileRef = CEDA01F12BF4F16600E5AEB3 /* CatListView.swift */; };
		CEDA01F62BF4F17700E5AEB3 /* Assets.xcassets in Resources */ = {isa = PBXBuildFile; fileRef = CEDA01F52BF4F17700E5AEB3 /* Assets.xcassets */; };
		CEDA01FA2BF4F17700E5AEB3 /* Preview Assets.xcassets in Resources */ = {isa = PBXBuildFile; fileRef = CEDA01F92BF4F17700E5AEB3 /* Preview Assets.xcassets */; };
/* End PBXBuildFile section */

/* Begin PBXFileReference section */
		B30DD9AF2BFA015700FC0F54 /* CatDetailsView.swift */ = {isa = PBXFileReference; lastKnownFileType = sourcecode.swift; path = CatDetailsView.swift; sourceTree = "<group>"; };
		B30DD9B12BFA017200FC0F54 /* CatDetailsViewModel.swift */ = {isa = PBXFileReference; lastKnownFileType = sourcecode.swift; path = CatDetailsViewModel.swift; sourceTree = "<group>"; };
		B30DD9B32BFA04E500FC0F54 /* CatContentView.swift */ = {isa = PBXFileReference; lastKnownFileType = sourcecode.swift; path = CatContentView.swift; sourceTree = "<group>"; };
		B31570102BFB96F50098CCB6 /* AsyncImageView.swift */ = {isa = PBXFileReference; lastKnownFileType = sourcecode.swift; path = AsyncImageView.swift; sourceTree = "<group>"; };
		B31570122BFB9C110098CCB6 /* GeneralSans-Regular.otf */ = {isa = PBXFileReference; lastKnownFileType = file; path = "GeneralSans-Regular.otf"; sourceTree = "<group>"; };
		B31570132BFB9C120098CCB6 /* GeneralSans-Bold.otf */ = {isa = PBXFileReference; lastKnownFileType = file; path = "GeneralSans-Bold.otf"; sourceTree = "<group>"; };
		B31570142BFB9C120098CCB6 /* GeneralSans-Light.otf */ = {isa = PBXFileReference; lastKnownFileType = file; path = "GeneralSans-Light.otf"; sourceTree = "<group>"; };
		B31570152BFB9C120098CCB6 /* GeneralSans-Medium.otf */ = {isa = PBXFileReference; lastKnownFileType = file; path = "GeneralSans-Medium.otf"; sourceTree = "<group>"; };
		B315701F2BFCB8C80098CCB6 /* Info.plist */ = {isa = PBXFileReference; lastKnownFileType = text.plist; path = Info.plist; sourceTree = "<group>"; };
		B31570202BFCCE990098CCB6 /* CatFavouritesViewModel.swift */ = {isa = PBXFileReference; lastKnownFileType = sourcecode.swift; path = CatFavouritesViewModel.swift; sourceTree = "<group>"; };
		B35031AB2BFE4DDC00B9BAA8 /* LottieLoader.swift */ = {isa = PBXFileReference; lastKnownFileType = sourcecode.swift; path = LottieLoader.swift; sourceTree = "<group>"; };
		B35031AD2BFE4F4D00B9BAA8 /* loader.json */ = {isa = PBXFileReference; fileEncoding = 4; lastKnownFileType = text.json; path = loader.json; sourceTree = "<group>"; };
		B35A68472BFA53BF00FECF8C /* CatFavouritesView.swift */ = {isa = PBXFileReference; lastKnownFileType = sourcecode.swift; path = CatFavouritesView.swift; sourceTree = "<group>"; };
		CE9B3F602BF513AA0034E6E3 /* Constants.swift */ = {isa = PBXFileReference; lastKnownFileType = sourcecode.swift; path = Constants.swift; sourceTree = "<group>"; };
		CE9B3F652BF514BE0034E6E3 /* APIManager.swift */ = {isa = PBXFileReference; lastKnownFileType = sourcecode.swift; path = APIManager.swift; sourceTree = "<group>"; };
		CE9B3F6C2BF52DD80034E6E3 /* Cat.swift */ = {isa = PBXFileReference; lastKnownFileType = sourcecode.swift; path = Cat.swift; sourceTree = "<group>"; };
		CE9B3F6F2BF627980034E6E3 /* CatListViewModel.swift */ = {isa = PBXFileReference; lastKnownFileType = sourcecode.swift; path = CatListViewModel.swift; sourceTree = "<group>"; };
		CEDA01EC2BF4F16600E5AEB3 /* CatSearch.app */ = {isa = PBXFileReference; explicitFileType = wrapper.application; includeInIndex = 0; path = CatSearch.app; sourceTree = BUILT_PRODUCTS_DIR; };
		CEDA01EF2BF4F16600E5AEB3 /* CatSearchApp.swift */ = {isa = PBXFileReference; lastKnownFileType = sourcecode.swift; path = CatSearchApp.swift; sourceTree = "<group>"; };
		CEDA01F12BF4F16600E5AEB3 /* CatListView.swift */ = {isa = PBXFileReference; lastKnownFileType = sourcecode.swift; path = CatListView.swift; sourceTree = "<group>"; };
		CEDA01F52BF4F17700E5AEB3 /* Assets.xcassets */ = {isa = PBXFileReference; lastKnownFileType = folder.assetcatalog; path = Assets.xcassets; sourceTree = "<group>"; };
		CEDA01F72BF4F17700E5AEB3 /* CatSearch.entitlements */ = {isa = PBXFileReference; lastKnownFileType = text.plist.entitlements; path = CatSearch.entitlements; sourceTree = "<group>"; };
		CEDA01F92BF4F17700E5AEB3 /* Preview Assets.xcassets */ = {isa = PBXFileReference; lastKnownFileType = folder.assetcatalog; path = "Preview Assets.xcassets"; sourceTree = "<group>"; };
/* End PBXFileReference section */

/* Begin PBXFrameworksBuildPhase section */
		CEDA01E92BF4F16500E5AEB3 /* Frameworks */ = {
			isa = PBXFrameworksBuildPhase;
			buildActionMask = 2147483647;
			files = (
				B35031AA2BFE47A700B9BAA8 /* Lottie in Frameworks */,
			);
			runOnlyForDeploymentPostprocessing = 0;
		};
/* End PBXFrameworksBuildPhase section */

/* Begin PBXGroup section */
		B315700F2BFB96D00098CCB6 /* Utils */ = {
			isa = PBXGroup;
			children = (
				B315701D2BFB9C3B0098CCB6 /* Style */,
				CE9B3F602BF513AA0034E6E3 /* Constants.swift */,
			);
			path = Utils;
			sourceTree = "<group>";
		};
		B315701A2BFB9C190098CCB6 /* Fonts */ = {
			isa = PBXGroup;
			children = (
				B315701B2BFB9C210098CCB6 /* GeneralSans */,
			);
			path = Fonts;
			sourceTree = "<group>";
		};
		B315701B2BFB9C210098CCB6 /* GeneralSans */ = {
			isa = PBXGroup;
			children = (
				B31570132BFB9C120098CCB6 /* GeneralSans-Bold.otf */,
				B31570142BFB9C120098CCB6 /* GeneralSans-Light.otf */,
				B31570152BFB9C120098CCB6 /* GeneralSans-Medium.otf */,
				B31570122BFB9C110098CCB6 /* GeneralSans-Regular.otf */,
			);
			path = GeneralSans;
			sourceTree = "<group>";
		};
		B315701D2BFB9C3B0098CCB6 /* Style */ = {
			isa = PBXGroup;
			children = (
				B35031AF2BFE4F5000B9BAA8 /* Animations */,
				B315701E2BFB9C450098CCB6 /* CustomUIComponents */,
				B315701A2BFB9C190098CCB6 /* Fonts */,
			);
			path = Style;
			sourceTree = "<group>";
		};
		B315701E2BFB9C450098CCB6 /* CustomUIComponents */ = {
			isa = PBXGroup;
			children = (
				B31570102BFB96F50098CCB6 /* AsyncImageView.swift */,
				B35031AB2BFE4DDC00B9BAA8 /* LottieLoader.swift */,
			);
			path = CustomUIComponents;
			sourceTree = "<group>";
		};
		B35031AF2BFE4F5000B9BAA8 /* Animations */ = {
			isa = PBXGroup;
			children = (
				B35031AD2BFE4F4D00B9BAA8 /* loader.json */,
			);
			path = Animations;
			sourceTree = "<group>";
		};
		CE9B3F622BF513B60034E6E3 /* Network */ = {
			isa = PBXGroup;
			children = (
				CE9B3F652BF514BE0034E6E3 /* APIManager.swift */,
			);
			path = Network;
			sourceTree = "<group>";
		};
		CE9B3F632BF5143E0034E6E3 /* App */ = {
			isa = PBXGroup;
			children = (
				CEDA01EF2BF4F16600E5AEB3 /* CatSearchApp.swift */,
				B315700F2BFB96D00098CCB6 /* Utils */,
				CE9B3F642BF514460034E6E3 /* Views */,
			);
			path = App;
			sourceTree = "<group>";
		};
		CE9B3F642BF514460034E6E3 /* Views */ = {
			isa = PBXGroup;
			children = (
				CE9B3F6E2BF61E6D0034E6E3 /* ViewModels */,
				CEDA01F12BF4F16600E5AEB3 /* CatListView.swift */,
				B30DD9AF2BFA015700FC0F54 /* CatDetailsView.swift */,
				B30DD9B32BFA04E500FC0F54 /* CatContentView.swift */,
				B35A68472BFA53BF00FECF8C /* CatFavouritesView.swift */,
			);
			path = Views;
			sourceTree = "<group>";
		};
		CE9B3F6B2BF52DCC0034E6E3 /* Model */ = {
			isa = PBXGroup;
			children = (
				CE9B3F6C2BF52DD80034E6E3 /* Cat.swift */,
			);
			path = Model;
			sourceTree = "<group>";
		};
		CE9B3F6E2BF61E6D0034E6E3 /* ViewModels */ = {
			isa = PBXGroup;
			children = (
				CE9B3F6F2BF627980034E6E3 /* CatListViewModel.swift */,
				B30DD9B12BFA017200FC0F54 /* CatDetailsViewModel.swift */,
				B31570202BFCCE990098CCB6 /* CatFavouritesViewModel.swift */,
			);
			path = ViewModels;
			sourceTree = "<group>";
		};
		CEDA01E32BF4F16500E5AEB3 = {
			isa = PBXGroup;
			children = (
				CEDA01EE2BF4F16600E5AEB3 /* CatSearch */,
				CEDA01ED2BF4F16600E5AEB3 /* Products */,
			);
			sourceTree = "<group>";
		};
		CEDA01ED2BF4F16600E5AEB3 /* Products */ = {
			isa = PBXGroup;
			children = (
				CEDA01EC2BF4F16600E5AEB3 /* CatSearch.app */,
			);
			name = Products;
			sourceTree = "<group>";
		};
		CEDA01EE2BF4F16600E5AEB3 /* CatSearch */ = {
			isa = PBXGroup;
			children = (
				B315701F2BFCB8C80098CCB6 /* Info.plist */,
				CE9B3F632BF5143E0034E6E3 /* App */,
				CE9B3F6B2BF52DCC0034E6E3 /* Model */,
				CE9B3F622BF513B60034E6E3 /* Network */,
				CEDA01F52BF4F17700E5AEB3 /* Assets.xcassets */,
				CEDA01F72BF4F17700E5AEB3 /* CatSearch.entitlements */,
				CEDA01F82BF4F17700E5AEB3 /* Preview Content */,
			);
			path = CatSearch;
			sourceTree = "<group>";
		};
		CEDA01F82BF4F17700E5AEB3 /* Preview Content */ = {
			isa = PBXGroup;
			children = (
				CEDA01F92BF4F17700E5AEB3 /* Preview Assets.xcassets */,
			);
			path = "Preview Content";
			sourceTree = "<group>";
		};
/* End PBXGroup section */

/* Begin PBXNativeTarget section */
		CEDA01EB2BF4F16500E5AEB3 /* CatSearch */ = {
			isa = PBXNativeTarget;
			buildConfigurationList = CEDA01FD2BF4F17700E5AEB3 /* Build configuration list for PBXNativeTarget "CatSearch" */;
			buildPhases = (
				CEDA01E82BF4F16500E5AEB3 /* Sources */,
				CEDA01E92BF4F16500E5AEB3 /* Frameworks */,
				CEDA01EA2BF4F16500E5AEB3 /* Resources */,
			);
			buildRules = (
			);
			dependencies = (
			);
			name = CatSearch;
			packageProductDependencies = (
				B35031A92BFE47A700B9BAA8 /* Lottie */,
			);
			productName = CatSearch;
			productReference = CEDA01EC2BF4F16600E5AEB3 /* CatSearch.app */;
			productType = "com.apple.product-type.application";
		};
/* End PBXNativeTarget section */

/* Begin PBXProject section */
		CEDA01E42BF4F16500E5AEB3 /* Project object */ = {
			isa = PBXProject;
			attributes = {
				BuildIndependentTargetsInParallel = 1;
				LastSwiftUpdateCheck = 1520;
				LastUpgradeCheck = 1520;
				TargetAttributes = {
					CEDA01EB2BF4F16500E5AEB3 = {
						CreatedOnToolsVersion = 15.2;
					};
				};
			};
			buildConfigurationList = CEDA01E72BF4F16500E5AEB3 /* Build configuration list for PBXProject "CatSearch" */;
			compatibilityVersion = "Xcode 14.0";
			developmentRegion = en;
			hasScannedForEncodings = 0;
			knownRegions = (
				en,
				Base,
			);
			mainGroup = CEDA01E32BF4F16500E5AEB3;
			packageReferences = (
				B35031A42BFE1D2900B9BAA8 /* XCRemoteSwiftPackageReference "SwiftDataStorage" */,
				B35031A82BFE47A700B9BAA8 /* XCRemoteSwiftPackageReference "lottie-ios" */,
			);
			productRefGroup = CEDA01ED2BF4F16600E5AEB3 /* Products */;
			projectDirPath = "";
			projectRoot = "";
			targets = (
				CEDA01EB2BF4F16500E5AEB3 /* CatSearch */,
			);
		};
/* End PBXProject section */

/* Begin PBXResourcesBuildPhase section */
		CEDA01EA2BF4F16500E5AEB3 /* Resources */ = {
			isa = PBXResourcesBuildPhase;
			buildActionMask = 2147483647;
			files = (
				B31570192BFB9C120098CCB6 /* GeneralSans-Medium.otf in Resources */,
				B31570172BFB9C120098CCB6 /* GeneralSans-Bold.otf in Resources */,
				CEDA01FA2BF4F17700E5AEB3 /* Preview Assets.xcassets in Resources */,
				B35031AE2BFE4F4D00B9BAA8 /* loader.json in Resources */,
				B31570182BFB9C120098CCB6 /* GeneralSans-Light.otf in Resources */,
				B31570162BFB9C120098CCB6 /* GeneralSans-Regular.otf in Resources */,
				CEDA01F62BF4F17700E5AEB3 /* Assets.xcassets in Resources */,
			);
			runOnlyForDeploymentPostprocessing = 0;
		};
/* End PBXResourcesBuildPhase section */

/* Begin PBXSourcesBuildPhase section */
		CEDA01E82BF4F16500E5AEB3 /* Sources */ = {
			isa = PBXSourcesBuildPhase;
			buildActionMask = 2147483647;
			files = (
				CEDA01F22BF4F16600E5AEB3 /* CatListView.swift in Sources */,
				B35A68482BFA53BF00FECF8C /* CatFavouritesView.swift in Sources */,
				CE9B3F6D2BF52DD80034E6E3 /* Cat.swift in Sources */,
				B31570212BFCCE990098CCB6 /* CatFavouritesViewModel.swift in Sources */,
				B35031AC2BFE4DDC00B9BAA8 /* LottieLoader.swift in Sources */,
				CE9B3F662BF514BE0034E6E3 /* APIManager.swift in Sources */,
				B30DD9B02BFA015700FC0F54 /* CatDetailsView.swift in Sources */,
				B31570112BFB96F50098CCB6 /* AsyncImageView.swift in Sources */,
				B30DD9B42BFA04E500FC0F54 /* CatContentView.swift in Sources */,
				CEDA01F02BF4F16600E5AEB3 /* CatSearchApp.swift in Sources */,
				CE9B3F612BF513AA0034E6E3 /* Constants.swift in Sources */,
				B30DD9B22BFA017200FC0F54 /* CatDetailsViewModel.swift in Sources */,
				CE9B3F702BF627980034E6E3 /* CatListViewModel.swift in Sources */,
			);
			runOnlyForDeploymentPostprocessing = 0;
		};
/* End PBXSourcesBuildPhase section */

/* Begin XCBuildConfiguration section */
		CEDA01FB2BF4F17700E5AEB3 /* Debug */ = {
			isa = XCBuildConfiguration;
			buildSettings = {
				ALWAYS_SEARCH_USER_PATHS = NO;
				ASSETCATALOG_COMPILER_GENERATE_SWIFT_ASSET_SYMBOL_EXTENSIONS = YES;
				CLANG_ANALYZER_NONNULL = YES;
				CLANG_ANALYZER_NUMBER_OBJECT_CONVERSION = YES_AGGRESSIVE;
				CLANG_CXX_LANGUAGE_STANDARD = "gnu++20";
				CLANG_ENABLE_MODULES = YES;
				CLANG_ENABLE_OBJC_ARC = YES;
				CLANG_ENABLE_OBJC_WEAK = YES;
				CLANG_WARN_BLOCK_CAPTURE_AUTORELEASING = YES;
				CLANG_WARN_BOOL_CONVERSION = YES;
				CLANG_WARN_COMMA = YES;
				CLANG_WARN_CONSTANT_CONVERSION = YES;
				CLANG_WARN_DEPRECATED_OBJC_IMPLEMENTATIONS = YES;
				CLANG_WARN_DIRECT_OBJC_ISA_USAGE = YES_ERROR;
				CLANG_WARN_DOCUMENTATION_COMMENTS = YES;
				CLANG_WARN_EMPTY_BODY = YES;
				CLANG_WARN_ENUM_CONVERSION = YES;
				CLANG_WARN_INFINITE_RECURSION = YES;
				CLANG_WARN_INT_CONVERSION = YES;
				CLANG_WARN_NON_LITERAL_NULL_CONVERSION = YES;
				CLANG_WARN_OBJC_IMPLICIT_RETAIN_SELF = YES;
				CLANG_WARN_OBJC_LITERAL_CONVERSION = YES;
				CLANG_WARN_OBJC_ROOT_CLASS = YES_ERROR;
				CLANG_WARN_QUOTED_INCLUDE_IN_FRAMEWORK_HEADER = YES;
				CLANG_WARN_RANGE_LOOP_ANALYSIS = YES;
				CLANG_WARN_STRICT_PROTOTYPES = YES;
				CLANG_WARN_SUSPICIOUS_MOVE = YES;
				CLANG_WARN_UNGUARDED_AVAILABILITY = YES_AGGRESSIVE;
				CLANG_WARN_UNREACHABLE_CODE = YES;
				CLANG_WARN__DUPLICATE_METHOD_MATCH = YES;
				COPY_PHASE_STRIP = NO;
				DEBUG_INFORMATION_FORMAT = dwarf;
				ENABLE_STRICT_OBJC_MSGSEND = YES;
				ENABLE_TESTABILITY = YES;
				ENABLE_USER_SCRIPT_SANDBOXING = YES;
				GCC_C_LANGUAGE_STANDARD = gnu17;
				GCC_DYNAMIC_NO_PIC = NO;
				GCC_NO_COMMON_BLOCKS = YES;
				GCC_OPTIMIZATION_LEVEL = 0;
				GCC_PREPROCESSOR_DEFINITIONS = (
					"DEBUG=1",
					"$(inherited)",
				);
				GCC_WARN_64_TO_32_BIT_CONVERSION = YES;
				GCC_WARN_ABOUT_RETURN_TYPE = YES_ERROR;
				GCC_WARN_UNDECLARED_SELECTOR = YES;
				GCC_WARN_UNINITIALIZED_AUTOS = YES_AGGRESSIVE;
				GCC_WARN_UNUSED_FUNCTION = YES;
				GCC_WARN_UNUSED_VARIABLE = YES;
				LOCALIZATION_PREFERS_STRING_CATALOGS = YES;
				MTL_ENABLE_DEBUG_INFO = INCLUDE_SOURCE;
				MTL_FAST_MATH = YES;
				ONLY_ACTIVE_ARCH = YES;
				SWIFT_ACTIVE_COMPILATION_CONDITIONS = "DEBUG $(inherited)";
				SWIFT_OPTIMIZATION_LEVEL = "-Onone";
			};
			name = Debug;
		};
		CEDA01FC2BF4F17700E5AEB3 /* Release */ = {
			isa = XCBuildConfiguration;
			buildSettings = {
				ALWAYS_SEARCH_USER_PATHS = NO;
				ASSETCATALOG_COMPILER_GENERATE_SWIFT_ASSET_SYMBOL_EXTENSIONS = YES;
				CLANG_ANALYZER_NONNULL = YES;
				CLANG_ANALYZER_NUMBER_OBJECT_CONVERSION = YES_AGGRESSIVE;
				CLANG_CXX_LANGUAGE_STANDARD = "gnu++20";
				CLANG_ENABLE_MODULES = YES;
				CLANG_ENABLE_OBJC_ARC = YES;
				CLANG_ENABLE_OBJC_WEAK = YES;
				CLANG_WARN_BLOCK_CAPTURE_AUTORELEASING = YES;
				CLANG_WARN_BOOL_CONVERSION = YES;
				CLANG_WARN_COMMA = YES;
				CLANG_WARN_CONSTANT_CONVERSION = YES;
				CLANG_WARN_DEPRECATED_OBJC_IMPLEMENTATIONS = YES;
				CLANG_WARN_DIRECT_OBJC_ISA_USAGE = YES_ERROR;
				CLANG_WARN_DOCUMENTATION_COMMENTS = YES;
				CLANG_WARN_EMPTY_BODY = YES;
				CLANG_WARN_ENUM_CONVERSION = YES;
				CLANG_WARN_INFINITE_RECURSION = YES;
				CLANG_WARN_INT_CONVERSION = YES;
				CLANG_WARN_NON_LITERAL_NULL_CONVERSION = YES;
				CLANG_WARN_OBJC_IMPLICIT_RETAIN_SELF = YES;
				CLANG_WARN_OBJC_LITERAL_CONVERSION = YES;
				CLANG_WARN_OBJC_ROOT_CLASS = YES_ERROR;
				CLANG_WARN_QUOTED_INCLUDE_IN_FRAMEWORK_HEADER = YES;
				CLANG_WARN_RANGE_LOOP_ANALYSIS = YES;
				CLANG_WARN_STRICT_PROTOTYPES = YES;
				CLANG_WARN_SUSPICIOUS_MOVE = YES;
				CLANG_WARN_UNGUARDED_AVAILABILITY = YES_AGGRESSIVE;
				CLANG_WARN_UNREACHABLE_CODE = YES;
				CLANG_WARN__DUPLICATE_METHOD_MATCH = YES;
				COPY_PHASE_STRIP = NO;
				DEBUG_INFORMATION_FORMAT = "dwarf-with-dsym";
				ENABLE_NS_ASSERTIONS = NO;
				ENABLE_STRICT_OBJC_MSGSEND = YES;
				ENABLE_USER_SCRIPT_SANDBOXING = YES;
				GCC_C_LANGUAGE_STANDARD = gnu17;
				GCC_NO_COMMON_BLOCKS = YES;
				GCC_WARN_64_TO_32_BIT_CONVERSION = YES;
				GCC_WARN_ABOUT_RETURN_TYPE = YES_ERROR;
				GCC_WARN_UNDECLARED_SELECTOR = YES;
				GCC_WARN_UNINITIALIZED_AUTOS = YES_AGGRESSIVE;
				GCC_WARN_UNUSED_FUNCTION = YES;
				GCC_WARN_UNUSED_VARIABLE = YES;
				LOCALIZATION_PREFERS_STRING_CATALOGS = YES;
				MTL_ENABLE_DEBUG_INFO = NO;
				MTL_FAST_MATH = YES;
				SWIFT_COMPILATION_MODE = wholemodule;
			};
			name = Release;
		};
		CEDA01FE2BF4F17700E5AEB3 /* Debug */ = {
			isa = XCBuildConfiguration;
			buildSettings = {
				ASSETCATALOG_COMPILER_APPICON_NAME = AppIcon;
				ASSETCATALOG_COMPILER_GLOBAL_ACCENT_COLOR_NAME = AccentColor;
				CODE_SIGN_ENTITLEMENTS = CatSearch/CatSearch.entitlements;
				CODE_SIGN_STYLE = Automatic;
				CURRENT_PROJECT_VERSION = 1;
				DEVELOPMENT_ASSET_PATHS = "\"CatSearch/Preview Content\"";
				DEVELOPMENT_TEAM = 2499Y3EK3Q;
				ENABLE_HARDENED_RUNTIME = YES;
				ENABLE_PREVIEWS = YES;
				GENERATE_INFOPLIST_FILE = YES;
				INFOPLIST_FILE = CatSearch/Info.plist;
				"INFOPLIST_KEY_UIApplicationSceneManifest_Generation[sdk=iphoneos*]" = YES;
				"INFOPLIST_KEY_UIApplicationSceneManifest_Generation[sdk=iphonesimulator*]" = YES;
				"INFOPLIST_KEY_UIApplicationSupportsIndirectInputEvents[sdk=iphoneos*]" = YES;
				"INFOPLIST_KEY_UIApplicationSupportsIndirectInputEvents[sdk=iphonesimulator*]" = YES;
				"INFOPLIST_KEY_UILaunchScreen_Generation[sdk=iphoneos*]" = YES;
				"INFOPLIST_KEY_UILaunchScreen_Generation[sdk=iphonesimulator*]" = YES;
				"INFOPLIST_KEY_UIStatusBarStyle[sdk=iphoneos*]" = UIStatusBarStyleDefault;
				"INFOPLIST_KEY_UIStatusBarStyle[sdk=iphonesimulator*]" = UIStatusBarStyleDefault;
				INFOPLIST_KEY_UISupportedInterfaceOrientations_iPad = "UIInterfaceOrientationPortrait UIInterfaceOrientationPortraitUpsideDown UIInterfaceOrientationLandscapeLeft UIInterfaceOrientationLandscapeRight";
				INFOPLIST_KEY_UISupportedInterfaceOrientations_iPhone = "UIInterfaceOrientationPortrait UIInterfaceOrientationLandscapeLeft UIInterfaceOrientationLandscapeRight";
				IPHONEOS_DEPLOYMENT_TARGET = 17.4;
				LD_RUNPATH_SEARCH_PATHS = "@executable_path/Frameworks";
				"LD_RUNPATH_SEARCH_PATHS[sdk=macosx*]" = "@executable_path/../Frameworks";
				MACOSX_DEPLOYMENT_TARGET = 14.4;
				MARKETING_VERSION = 1.0;
				PRODUCT_BUNDLE_IDENTIFIER = naore.CatSearch;
				PRODUCT_NAME = "$(TARGET_NAME)";
				SDKROOT = auto;
				SUPPORTED_PLATFORMS = "iphoneos iphonesimulator macosx";
				SWIFT_EMIT_LOC_STRINGS = YES;
				SWIFT_VERSION = 5.0;
				TARGETED_DEVICE_FAMILY = "1,2";
			};
			name = Debug;
		};
		CEDA01FF2BF4F17700E5AEB3 /* Release */ = {
			isa = XCBuildConfiguration;
			buildSettings = {
				ASSETCATALOG_COMPILER_APPICON_NAME = AppIcon;
				ASSETCATALOG_COMPILER_GLOBAL_ACCENT_COLOR_NAME = AccentColor;
				CODE_SIGN_ENTITLEMENTS = CatSearch/CatSearch.entitlements;
				CODE_SIGN_STYLE = Automatic;
				CURRENT_PROJECT_VERSION = 1;
				DEVELOPMENT_ASSET_PATHS = "\"CatSearch/Preview Content\"";
				DEVELOPMENT_TEAM = 2499Y3EK3Q;
				ENABLE_HARDENED_RUNTIME = YES;
				ENABLE_PREVIEWS = YES;
				GENERATE_INFOPLIST_FILE = YES;
				INFOPLIST_FILE = CatSearch/Info.plist;
				"INFOPLIST_KEY_UIApplicationSceneManifest_Generation[sdk=iphoneos*]" = YES;
				"INFOPLIST_KEY_UIApplicationSceneManifest_Generation[sdk=iphonesimulator*]" = YES;
				"INFOPLIST_KEY_UIApplicationSupportsIndirectInputEvents[sdk=iphoneos*]" = YES;
				"INFOPLIST_KEY_UIApplicationSupportsIndirectInputEvents[sdk=iphonesimulator*]" = YES;
				"INFOPLIST_KEY_UILaunchScreen_Generation[sdk=iphoneos*]" = YES;
				"INFOPLIST_KEY_UILaunchScreen_Generation[sdk=iphonesimulator*]" = YES;
				"INFOPLIST_KEY_UIStatusBarStyle[sdk=iphoneos*]" = UIStatusBarStyleDefault;
				"INFOPLIST_KEY_UIStatusBarStyle[sdk=iphonesimulator*]" = UIStatusBarStyleDefault;
				INFOPLIST_KEY_UISupportedInterfaceOrientations_iPad = "UIInterfaceOrientationPortrait UIInterfaceOrientationPortraitUpsideDown UIInterfaceOrientationLandscapeLeft UIInterfaceOrientationLandscapeRight";
				INFOPLIST_KEY_UISupportedInterfaceOrientations_iPhone = "UIInterfaceOrientationPortrait UIInterfaceOrientationLandscapeLeft UIInterfaceOrientationLandscapeRight";
				IPHONEOS_DEPLOYMENT_TARGET = 17.4;
				LD_RUNPATH_SEARCH_PATHS = "@executable_path/Frameworks";
				"LD_RUNPATH_SEARCH_PATHS[sdk=macosx*]" = "@executable_path/../Frameworks";
				MACOSX_DEPLOYMENT_TARGET = 14.4;
				MARKETING_VERSION = 1.0;
				PRODUCT_BUNDLE_IDENTIFIER = naore.CatSearch;
				PRODUCT_NAME = "$(TARGET_NAME)";
				SDKROOT = auto;
				SUPPORTED_PLATFORMS = "iphoneos iphonesimulator macosx";
				SWIFT_EMIT_LOC_STRINGS = YES;
				SWIFT_VERSION = 5.0;
				TARGETED_DEVICE_FAMILY = "1,2";
			};
			name = Release;
		};
/* End XCBuildConfiguration section */

/* Begin XCConfigurationList section */
		CEDA01E72BF4F16500E5AEB3 /* Build configuration list for PBXProject "CatSearch" */ = {
			isa = XCConfigurationList;
			buildConfigurations = (
				CEDA01FB2BF4F17700E5AEB3 /* Debug */,
				CEDA01FC2BF4F17700E5AEB3 /* Release */,
			);
			defaultConfigurationIsVisible = 0;
			defaultConfigurationName = Release;
		};
		CEDA01FD2BF4F17700E5AEB3 /* Build configuration list for PBXNativeTarget "CatSearch" */ = {
			isa = XCConfigurationList;
			buildConfigurations = (
				CEDA01FE2BF4F17700E5AEB3 /* Debug */,
				CEDA01FF2BF4F17700E5AEB3 /* Release */,
			);
			defaultConfigurationIsVisible = 0;
			defaultConfigurationName = Release;
		};
/* End XCConfigurationList section */

/* Begin XCRemoteSwiftPackageReference section */
		B35031A42BFE1D2900B9BAA8 /* XCRemoteSwiftPackageReference "SwiftDataStorage" */ = {
			isa = XCRemoteSwiftPackageReference;
			repositoryURL = "https://github.com/JamesSedlacek/SwiftDataStorage";
			requirement = {
				branch = main;
				kind = branch;
			};
		};
		B35031A82BFE47A700B9BAA8 /* XCRemoteSwiftPackageReference "lottie-ios" */ = {
			isa = XCRemoteSwiftPackageReference;
			repositoryURL = "https://github.com/airbnb/lottie-ios";
			requirement = {
				kind = upToNextMajorVersion;
				minimumVersion = 4.4.3;
			};
		};
/* End XCRemoteSwiftPackageReference section */

/* Begin XCSwiftPackageProductDependency section */
		B35031A92BFE47A700B9BAA8 /* Lottie */ = {
			isa = XCSwiftPackageProductDependency;
			package = B35031A82BFE47A700B9BAA8 /* XCRemoteSwiftPackageReference "lottie-ios" */;
			productName = Lottie;
		};
/* End XCSwiftPackageProductDependency section */
	};
	rootObject = CEDA01E42BF4F16500E5AEB3 /* Project object */;
}
